
Microsoft Visual Studio Solution File, Format Version 12.00
# Visual Studio Version 17
VisualStudioVersion = 17.13.35818.85 d17.13
MinimumVisualStudioVersion = 10.0.40219.1
Project("{8BC9CEB8-8B4A-11D0-8D11-00A0C91BC942}") = "2.5", "2.5\2.5.vcxproj", "{D1D79283-3613-4352-8E7B-BCFF0226F8B8}"
EndProject
Project("{8BC9CEB8-8B4A-11D0-8D11-00A0C91BC942}") = "UnitTest1", "UnitTest1\UnitTest1.vcxproj", "{5768658D-5753-57BE-9F55-89088097DC31}"
EndProject
Global
	GlobalSection(SolutionConfigurationPlatforms) = preSolution
		Debug|x64 = Debug|x64
		Debug|x86 = Debug|x86
		Release|x64 = Release|x64
		Release|x86 = Release|x86
	EndGlobalSection
	GlobalSection(ProjectConfigurationPlatforms) = postSolution
		{D1D79283-3613-4352-8E7B-BCFF0226F8B8}.Debug|x64.ActiveCfg = Debug|x64
		{D1D79283-3613-4352-8E7B-BCFF0226F8B8}.Debug|x64.Build.0 = Debug|x64
		{D1D79283-3613-4352-8E7B-BCFF0226F8B8}.Debug|x86.ActiveCfg = Debug|Win32
		{D1D79283-3613-4352-8E7B-BCFF0226F8B8}.Debug|x86.Build.0 = Debug|Win32
		{D1D79283-3613-4352-8E7B-BCFF0226F8B8}.Release|x64.ActiveCfg = Release|x64
		{D1D79283-3613-4352-8E7B-BCFF0226F8B8}.Release|x64.Build.0 = Release|x64
		{D1D79283-3613-4352-8E7B-BCFF0226F8B8}.Release|x86.ActiveCfg = Release|Win32
		{D1D79283-3613-4352-8E7B-BCFF0226F8B8}.Release|x86.Build.0 = Release|Win32
		{5768658D-5753-57BE-9F55-89088097DC31}.Debug|x64.ActiveCfg = Debug|x64
		{5768658D-5753-57BE-9F55-89088097DC31}.Debug|x64.Build.0 = Debug|x64
		{5768658D-5753-57BE-9F55-89088097DC31}.Debug|x86.ActiveCfg = Debug|Win32
		{5768658D-5753-57BE-9F55-89088097DC31}.Debug|x86.Build.0 = Debug|Win32
		{5768658D-5753-57BE-9F55-89088097DC31}.Release|x64.ActiveCfg = Release|x64
		{5768658D-5753-57BE-9F55-89088097DC31}.Release|x64.Build.0 = Release|x64
		{5768658D-5753-57BE-9F55-89088097DC31}.Release|x86.ActiveCfg = Release|Win32
		{5768658D-5753-57BE-9F55-89088097DC31}.Release|x86.Build.0 = Release|Win32
	EndGlobalSection
	GlobalSection(SolutionProperties) = preSolution
		HideSolutionNode = FALSE
	EndGlobalSection
	GlobalSection(ExtensibilityGlobals) = postSolution
		SolutionGuid = {C004628A-FE5B-445C-9BCA-D3ED078116E7}
	EndGlobalSection
EndGlobal
